
Microsoft Visual Studio Solution File, Format Version 12.00
# Visual Studio 16
Project("{FAE04EC0-301F-11D3-BF4B-00C04F79EFBC}") = "Assembly-CSharp", "Assembly-CSharp.csproj", "{E397D196-C1A9-0776-EFF4-C419180D0141}"
EndProject
Global
	GlobalSection(SolutionConfigurationPlatforms) = preSolution
		Debug|Any CPU = Debug|Any CPU
		Release|Any CPU = Release|Any CPU
	EndGlobalSection
	GlobalSection(ProjectConfigurationPlatforms) = postSolution
		{E397D196-C1A9-0776-EFF4-C419180D0141}.Debug|Any CPU.ActiveCfg = Debug|Any CPU
		{E397D196-C1A9-0776-EFF4-C419180D0141}.Debug|Any CPU.Build.0 = Debug|Any CPU
		{E397D196-C1A9-0776-EFF4-C419180D0141}.Release|Any CPU.ActiveCfg = Release|Any CPU
		{E397D196-C1A9-0776-EFF4-C419180D0141}.Release|Any CPU.Build.0 = Release|Any CPU
	EndGlobalSection
	GlobalSection(SolutionProperties) = preSolution
		HideSolutionNode = FALSE
	EndGlobalSection
	GlobalSection(MonoDevelopProperties) = preSolution
		StartupItem = Assembly-CSharp.csproj
	EndGlobalSection
EndGlobal
