
Microsoft Visual Studio Solution File, Format Version 12.00
# Visual Studio Version 16
VisualStudioVersion = 16.0.28809.33
MinimumVisualStudioVersion = 10.0.40219.1
Project("{8BC9CEB8-8B4A-11D0-8D11-00A0C91BC942}") = "delivery-mode", "外卖派单模拟系统.vcxproj", "{37C7C04E-3CF2-4E04-8F27-67C44B7782BF}"
EndProject
Project("{8BC9CEB8-8B4A-11D0-8D11-00A0C91BC942}") = "delivery-model", "..\delivery-model\delivery-model.vcxproj", "{409D0F5F-7D03-4178-8C78-5DDE62B9455B}"
EndProject
Project("{FAE04EC0-301F-11D3-BF4B-00C04F79EFBC}") = "Assembly-CSharp", "..\delivery-gui\Assembly-CSharp.csproj", "{E397D196-C1A9-0776-EFF4-C419180D0141}"
EndProject
Global
	GlobalSection(SolutionConfigurationPlatforms) = preSolution
		Debug|Any CPU = Debug|Any CPU
		Debug|x64 = Debug|x64
		Debug|x86 = Debug|x86
		Release|Any CPU = Release|Any CPU
		Release|x64 = Release|x64
		Release|x86 = Release|x86
		Unity|Any CPU = Unity|Any CPU
		Unity|x64 = Unity|x64
		Unity|x86 = Unity|x86
	EndGlobalSection
	GlobalSection(ProjectConfigurationPlatforms) = postSolution
		{37C7C04E-3CF2-4E04-8F27-67C44B7782BF}.Debug|Any CPU.ActiveCfg = Debug|Win32
		{37C7C04E-3CF2-4E04-8F27-67C44B7782BF}.Debug|x64.ActiveCfg = Debug|x64
		{37C7C04E-3CF2-4E04-8F27-67C44B7782BF}.Debug|x64.Build.0 = Debug|x64
		{37C7C04E-3CF2-4E04-8F27-67C44B7782BF}.Debug|x86.ActiveCfg = Debug|Win32
		{37C7C04E-3CF2-4E04-8F27-67C44B7782BF}.Debug|x86.Build.0 = Debug|Win32
		{37C7C04E-3CF2-4E04-8F27-67C44B7782BF}.Release|Any CPU.ActiveCfg = Release|Win32
		{37C7C04E-3CF2-4E04-8F27-67C44B7782BF}.Release|x64.ActiveCfg = Release|x64
		{37C7C04E-3CF2-4E04-8F27-67C44B7782BF}.Release|x64.Build.0 = Release|x64
		{37C7C04E-3CF2-4E04-8F27-67C44B7782BF}.Release|x86.ActiveCfg = Release|Win32
		{37C7C04E-3CF2-4E04-8F27-67C44B7782BF}.Release|x86.Build.0 = Release|Win32
		{37C7C04E-3CF2-4E04-8F27-67C44B7782BF}.Unity|Any CPU.ActiveCfg = Unity|Win32
		{37C7C04E-3CF2-4E04-8F27-67C44B7782BF}.Unity|x64.ActiveCfg = Unity|x64
		{37C7C04E-3CF2-4E04-8F27-67C44B7782BF}.Unity|x86.ActiveCfg = Unity|Win32
		{409D0F5F-7D03-4178-8C78-5DDE62B9455B}.Debug|Any CPU.ActiveCfg = Debug|Win32
		{409D0F5F-7D03-4178-8C78-5DDE62B9455B}.Debug|x64.ActiveCfg = Debug|x64
		{409D0F5F-7D03-4178-8C78-5DDE62B9455B}.Debug|x64.Build.0 = Debug|x64
		{409D0F5F-7D03-4178-8C78-5DDE62B9455B}.Debug|x86.ActiveCfg = Debug|Win32
		{409D0F5F-7D03-4178-8C78-5DDE62B9455B}.Debug|x86.Build.0 = Debug|Win32
		{409D0F5F-7D03-4178-8C78-5DDE62B9455B}.Release|Any CPU.ActiveCfg = Release|Win32
		{409D0F5F-7D03-4178-8C78-5DDE62B9455B}.Release|x64.ActiveCfg = Release|x64
		{409D0F5F-7D03-4178-8C78-5DDE62B9455B}.Release|x64.Build.0 = Release|x64
		{409D0F5F-7D03-4178-8C78-5DDE62B9455B}.Release|x86.ActiveCfg = Release|Win32
		{409D0F5F-7D03-4178-8C78-5DDE62B9455B}.Release|x86.Build.0 = Release|Win32
		{409D0F5F-7D03-4178-8C78-5DDE62B9455B}.Unity|Any CPU.ActiveCfg = Unity|Win32
		{409D0F5F-7D03-4178-8C78-5DDE62B9455B}.Unity|x64.ActiveCfg = Unity|x64
		{409D0F5F-7D03-4178-8C78-5DDE62B9455B}.Unity|x64.Build.0 = Unity|x64
		{409D0F5F-7D03-4178-8C78-5DDE62B9455B}.Unity|x86.ActiveCfg = Unity|Win32
		{409D0F5F-7D03-4178-8C78-5DDE62B9455B}.Unity|x86.Build.0 = Unity|Win32
		{E397D196-C1A9-0776-EFF4-C419180D0141}.Debug|Any CPU.ActiveCfg = Debug|Any CPU
		{E397D196-C1A9-0776-EFF4-C419180D0141}.Debug|Any CPU.Build.0 = Debug|Any CPU
		{E397D196-C1A9-0776-EFF4-C419180D0141}.Debug|x64.ActiveCfg = Debug|Any CPU
		{E397D196-C1A9-0776-EFF4-C419180D0141}.Debug|x86.ActiveCfg = Debug|Any CPU
		{E397D196-C1A9-0776-EFF4-C419180D0141}.Release|Any CPU.ActiveCfg = Release|Any CPU
		{E397D196-C1A9-0776-EFF4-C419180D0141}.Release|Any CPU.Build.0 = Release|Any CPU
		{E397D196-C1A9-0776-EFF4-C419180D0141}.Release|x64.ActiveCfg = Release|Any CPU
		{E397D196-C1A9-0776-EFF4-C419180D0141}.Release|x86.ActiveCfg = Release|Any CPU
		{E397D196-C1A9-0776-EFF4-C419180D0141}.Unity|Any CPU.ActiveCfg = Release|Any CPU
		{E397D196-C1A9-0776-EFF4-C419180D0141}.Unity|Any CPU.Build.0 = Release|Any CPU
		{E397D196-C1A9-0776-EFF4-C419180D0141}.Unity|x64.ActiveCfg = Release|Any CPU
		{E397D196-C1A9-0776-EFF4-C419180D0141}.Unity|x64.Build.0 = Release|Any CPU
		{E397D196-C1A9-0776-EFF4-C419180D0141}.Unity|x86.ActiveCfg = Release|Any CPU
		{E397D196-C1A9-0776-EFF4-C419180D0141}.Unity|x86.Build.0 = Release|Any CPU
	EndGlobalSection
	GlobalSection(SolutionProperties) = preSolution
		HideSolutionNode = FALSE
	EndGlobalSection
	GlobalSection(ExtensibilityGlobals) = postSolution
		SolutionGuid = {9A84AF2A-7D5D-48BB-927D-54F4C4A7BC40}
	EndGlobalSection
EndGlobal
